
Microsoft Visual Studio Solution File, Format Version 12.00
Project("{FAE04EC0-301F-11D3-BF4B-00C04F79EFBC}") = "FoodMenuApp", "FoodMenuApp\FoodMenuApp.csproj", "{5F16C1FE-6F89-4839-8A9E-DC1EF3C9F30D}"
EndProject
Global
	GlobalSection(SolutionConfigurationPlatforms) = preSolution
		Debug|Any CPU = Debug|Any CPU
		Release|Any CPU = Release|Any CPU
	EndGlobalSection
	GlobalSection(ProjectConfigurationPlatforms) = postSolution
		{5F16C1FE-6F89-4839-8A9E-DC1EF3C9F30D}.Debug|Any CPU.ActiveCfg = Debug|Any CPU
		{5F16C1FE-6F89-4839-8A9E-DC1EF3C9F30D}.Debug|Any CPU.Build.0 = Debug|Any CPU
		{5F16C1FE-6F89-4839-8A9E-DC1EF3C9F30D}.Release|Any CPU.ActiveCfg = Release|Any CPU
		{5F16C1FE-6F89-4839-8A9E-DC1EF3C9F30D}.Release|Any CPU.Build.0 = Release|Any CPU
	EndGlobalSection
EndGlobal
