
Microsoft Visual Studio Solution File, Format Version 12.00
Project("{FAE04EC0-301F-11D3-BF4B-00C04F79EFBC}") = "SimpleToDoList", "SimpleToDoList\SimpleToDoList.csproj", "{C02C6F8C-91D7-4B7A-9542-7189736F26FD}"
EndProject
Global
	GlobalSection(SolutionConfigurationPlatforms) = preSolution
		Debug|Any CPU = Debug|Any CPU
		Release|Any CPU = Release|Any CPU
	EndGlobalSection
	GlobalSection(ProjectConfigurationPlatforms) = postSolution
		{C02C6F8C-91D7-4B7A-9542-7189736F26FD}.Debug|Any CPU.ActiveCfg = Debug|Any CPU
		{C02C6F8C-91D7-4B7A-9542-7189736F26FD}.Debug|Any CPU.Build.0 = Debug|Any CPU
		{C02C6F8C-91D7-4B7A-9542-7189736F26FD}.Release|Any CPU.ActiveCfg = Release|Any CPU
		{C02C6F8C-91D7-4B7A-9542-7189736F26FD}.Release|Any CPU.Build.0 = Release|Any CPU
	EndGlobalSection
EndGlobal
