
Microsoft Visual Studio Solution File, Format Version 12.00
Project("{FAE04EC0-301F-11D3-BF4B-00C04F79EFBC}") = "Section017_LinqExercise", "Section017_LinqExercise\Section017_LinqExercise.csproj", "{EFFA20B3-09F0-4C23-B0BC-E67BCB38D5F6}"
EndProject
Global
	GlobalSection(SolutionConfigurationPlatforms) = preSolution
		Debug|Any CPU = Debug|Any CPU
		Release|Any CPU = Release|Any CPU
	EndGlobalSection
	GlobalSection(ProjectConfigurationPlatforms) = postSolution
		{EFFA20B3-09F0-4C23-B0BC-E67BCB38D5F6}.Debug|Any CPU.ActiveCfg = Debug|Any CPU
		{EFFA20B3-09F0-4C23-B0BC-E67BCB38D5F6}.Debug|Any CPU.Build.0 = Debug|Any CPU
		{EFFA20B3-09F0-4C23-B0BC-E67BCB38D5F6}.Release|Any CPU.ActiveCfg = Release|Any CPU
		{EFFA20B3-09F0-4C23-B0BC-E67BCB38D5F6}.Release|Any CPU.Build.0 = Release|Any CPU
	EndGlobalSection
EndGlobal
