
Microsoft Visual Studio Solution File, Format Version 12.00
Project("{FAE04EC0-301F-11D3-BF4B-00C04F79EFBC}") = "TwoDecks", "TwoDecks\TwoDecks.csproj", "{D1DB9EE8-D8F5-4352-9AF9-EFC745D3640E}"
EndProject
Global
	GlobalSection(SolutionConfigurationPlatforms) = preSolution
		Debug|Any CPU = Debug|Any CPU
		Release|Any CPU = Release|Any CPU
	EndGlobalSection
	GlobalSection(ProjectConfigurationPlatforms) = postSolution
		{D1DB9EE8-D8F5-4352-9AF9-EFC745D3640E}.Debug|Any CPU.ActiveCfg = Debug|Any CPU
		{D1DB9EE8-D8F5-4352-9AF9-EFC745D3640E}.Debug|Any CPU.Build.0 = Debug|Any CPU
		{D1DB9EE8-D8F5-4352-9AF9-EFC745D3640E}.Release|Any CPU.ActiveCfg = Release|Any CPU
		{D1DB9EE8-D8F5-4352-9AF9-EFC745D3640E}.Release|Any CPU.Build.0 = Release|Any CPU
	EndGlobalSection
EndGlobal
