<Solution>
  <Project Path="AnonymousTypes/AnonymousTypes.csproj" />
  <Project Path="CustomConversions/CustomConversions.csproj" />
  <Project Path="ExtensionMethods/ExtensionMethods.csproj" />
  <Project Path="IndexerMethods/IndexerMethods.csproj" />
  <Project Path="OperatorOverloading/OperatorOverloading.csproj" />
</Solution>
