
Microsoft Visual Studio Solution File, Format Version 12.00
Project("{FAE04EC0-301F-11D3-BF4B-00C04F79EFBC}") = "AnimalMatchingGame", "AnimalMatchingGame\AnimalMatchingGame.csproj", "{FCF6D5C7-F874-442E-B707-BBA5A219409E}"
EndProject
Global
	GlobalSection(SolutionConfigurationPlatforms) = preSolution
		Debug|Any CPU = Debug|Any CPU
		Release|Any CPU = Release|Any CPU
	EndGlobalSection
	GlobalSection(ProjectConfigurationPlatforms) = postSolution
		{FCF6D5C7-F874-442E-B707-BBA5A219409E}.Debug|Any CPU.ActiveCfg = Debug|Any CPU
		{FCF6D5C7-F874-442E-B707-BBA5A219409E}.Debug|Any CPU.Build.0 = Debug|Any CPU
		{FCF6D5C7-F874-442E-B707-BBA5A219409E}.Release|Any CPU.ActiveCfg = Release|Any CPU
		{FCF6D5C7-F874-442E-B707-BBA5A219409E}.Release|Any CPU.Build.0 = Release|Any CPU
	EndGlobalSection
EndGlobal
