
Microsoft Visual Studio Solution File, Format Version 12.00
Project("{FAE04EC0-301F-11D3-BF4B-00C04F79EFBC}") = "CalculateDamage", "CalculateDamage\CalculateDamage.csproj", "{2773EE80-F166-4C79-8AC4-DEB4456C2352}"
EndProject
Global
	GlobalSection(SolutionConfigurationPlatforms) = preSolution
		Debug|Any CPU = Debug|Any CPU
		Release|Any CPU = Release|Any CPU
	EndGlobalSection
	GlobalSection(ProjectConfigurationPlatforms) = postSolution
		{2773EE80-F166-4C79-8AC4-DEB4456C2352}.Debug|Any CPU.ActiveCfg = Debug|Any CPU
		{2773EE80-F166-4C79-8AC4-DEB4456C2352}.Debug|Any CPU.Build.0 = Debug|Any CPU
		{2773EE80-F166-4C79-8AC4-DEB4456C2352}.Release|Any CPU.ActiveCfg = Release|Any CPU
		{2773EE80-F166-4C79-8AC4-DEB4456C2352}.Release|Any CPU.Build.0 = Release|Any CPU
	EndGlobalSection
EndGlobal
