
Microsoft Visual Studio Solution File, Format Version 12.00
# Visual Studio Version 17
VisualStudioVersion = 17.0.31903.59
MinimumVisualStudioVersion = 10.0.40219.1
Project("{FAE04EC0-301F-11D3-BF4B-00C04F79EFBC}") = "PickRandomCards", "PickRandomCards\PickRandomCards.csproj", "{CDE3FB01-A421-436A-81A5-EF7852E47093}"
EndProject
Project("{FAE04EC0-301F-11D3-BF4B-00C04F79EFBC}") = "PickCardBlazor", "PickCardBlazor\PickCardBlazor.csproj", "{D03FA3AA-2933-476B-9F7C-6F02F0A814F9}"
EndProject
Project("{FAE04EC0-301F-11D3-BF4B-00C04F79EFBC}") = "SimpleAccountBlazor", "SimpleAccountBlazor\SimpleAccountBlazor.csproj", "{792C97BE-AA7B-4A65-9FEA-BBABB9972BD0}"
EndProject
Project("{FAE04EC0-301F-11D3-BF4B-00C04F79EFBC}") = "SimpleCasinoBlazor", "SimpleCasinoBlazor\SimpleCasinoBlazor.csproj", "{8CE348C9-74B4-48CB-9D40-8E158A544CAE}"
EndProject
Global
	GlobalSection(SolutionConfigurationPlatforms) = preSolution
		Debug|Any CPU = Debug|Any CPU
		Release|Any CPU = Release|Any CPU
	EndGlobalSection
	GlobalSection(SolutionProperties) = preSolution
		HideSolutionNode = FALSE
	EndGlobalSection
	GlobalSection(ProjectConfigurationPlatforms) = postSolution
		{CDE3FB01-A421-436A-81A5-EF7852E47093}.Debug|Any CPU.ActiveCfg = Debug|Any CPU
		{CDE3FB01-A421-436A-81A5-EF7852E47093}.Debug|Any CPU.Build.0 = Debug|Any CPU
		{CDE3FB01-A421-436A-81A5-EF7852E47093}.Release|Any CPU.ActiveCfg = Release|Any CPU
		{CDE3FB01-A421-436A-81A5-EF7852E47093}.Release|Any CPU.Build.0 = Release|Any CPU
		{D03FA3AA-2933-476B-9F7C-6F02F0A814F9}.Debug|Any CPU.ActiveCfg = Debug|Any CPU
		{D03FA3AA-2933-476B-9F7C-6F02F0A814F9}.Debug|Any CPU.Build.0 = Debug|Any CPU
		{D03FA3AA-2933-476B-9F7C-6F02F0A814F9}.Release|Any CPU.ActiveCfg = Release|Any CPU
		{D03FA3AA-2933-476B-9F7C-6F02F0A814F9}.Release|Any CPU.Build.0 = Release|Any CPU
		{BBEDE040-C0EB-43F1-94B9-52593DCD639B}.Debug|Any CPU.ActiveCfg = Debug|Any CPU
		{BBEDE040-C0EB-43F1-94B9-52593DCD639B}.Debug|Any CPU.Build.0 = Debug|Any CPU
		{BBEDE040-C0EB-43F1-94B9-52593DCD639B}.Release|Any CPU.ActiveCfg = Release|Any CPU
		{BBEDE040-C0EB-43F1-94B9-52593DCD639B}.Release|Any CPU.Build.0 = Release|Any CPU
		{792C97BE-AA7B-4A65-9FEA-BBABB9972BD0}.Debug|Any CPU.ActiveCfg = Debug|Any CPU
		{792C97BE-AA7B-4A65-9FEA-BBABB9972BD0}.Debug|Any CPU.Build.0 = Debug|Any CPU
		{792C97BE-AA7B-4A65-9FEA-BBABB9972BD0}.Release|Any CPU.ActiveCfg = Release|Any CPU
		{792C97BE-AA7B-4A65-9FEA-BBABB9972BD0}.Release|Any CPU.Build.0 = Release|Any CPU
		{427D85B6-8BC3-4D31-8E0D-2BAEF76D3526}.Debug|Any CPU.ActiveCfg = Debug|Any CPU
		{427D85B6-8BC3-4D31-8E0D-2BAEF76D3526}.Debug|Any CPU.Build.0 = Debug|Any CPU
		{427D85B6-8BC3-4D31-8E0D-2BAEF76D3526}.Release|Any CPU.ActiveCfg = Release|Any CPU
		{427D85B6-8BC3-4D31-8E0D-2BAEF76D3526}.Release|Any CPU.Build.0 = Release|Any CPU
		{8CE348C9-74B4-48CB-9D40-8E158A544CAE}.Debug|Any CPU.ActiveCfg = Debug|Any CPU
		{8CE348C9-74B4-48CB-9D40-8E158A544CAE}.Debug|Any CPU.Build.0 = Debug|Any CPU
		{8CE348C9-74B4-48CB-9D40-8E158A544CAE}.Release|Any CPU.ActiveCfg = Release|Any CPU
		{8CE348C9-74B4-48CB-9D40-8E158A544CAE}.Release|Any CPU.Build.0 = Release|Any CPU
	EndGlobalSection
EndGlobal
