
Microsoft Visual Studio Solution File, Format Version 12.00
# Visual Studio Version 17
VisualStudioVersion = 17.12.35728.132
MinimumVisualStudioVersion = 10.0.40219.1
Project("{FAE04EC0-301F-11D3-BF4B-00C04F79EFBC}") = "FirstProject", "S001_FirstProject\FirstProject.csproj", "{8922804B-CC97-4E28-A274-12A223950C8B}"
EndProject
Project("{FAE04EC0-301F-11D3-BF4B-00C04F79EFBC}") = "PartyInvites", "S002_PartyInvites\PartyInvites.csproj", "{DF5AF614-FF8D-430F-A836-A8F77F5261E2}"
EndProject
Global
	GlobalSection(SolutionConfigurationPlatforms) = preSolution
		Debug|Any CPU = Debug|Any CPU
		Release|Any CPU = Release|Any CPU
	EndGlobalSection
	GlobalSection(ProjectConfigurationPlatforms) = postSolution
		{8922804B-CC97-4E28-A274-12A223950C8B}.Debug|Any CPU.ActiveCfg = Debug|Any CPU
		{8922804B-CC97-4E28-A274-12A223950C8B}.Debug|Any CPU.Build.0 = Debug|Any CPU
		{8922804B-CC97-4E28-A274-12A223950C8B}.Release|Any CPU.ActiveCfg = Release|Any CPU
		{8922804B-CC97-4E28-A274-12A223950C8B}.Release|Any CPU.Build.0 = Release|Any CPU
		{DF5AF614-FF8D-430F-A836-A8F77F5261E2}.Debug|Any CPU.ActiveCfg = Debug|Any CPU
		{DF5AF614-FF8D-430F-A836-A8F77F5261E2}.Debug|Any CPU.Build.0 = Debug|Any CPU
		{DF5AF614-FF8D-430F-A836-A8F77F5261E2}.Release|Any CPU.ActiveCfg = Release|Any CPU
		{DF5AF614-FF8D-430F-A836-A8F77F5261E2}.Release|Any CPU.Build.0 = Release|Any CPU
	EndGlobalSection
	GlobalSection(SolutionProperties) = preSolution
		HideSolutionNode = FALSE
	EndGlobalSection
EndGlobal
