
Microsoft Visual Studio Solution File, Format Version 12.00
# Visual Studio Version 17
VisualStudioVersion = 17.0.31903.59
MinimumVisualStudioVersion = 10.0.40219.1
Project("{FAE04EC0-301F-11D3-BF4B-00C04F79EFBC}") = "FirstProject", "FirstProject\FirstProject.csproj", "{C57455AB-D74D-4C1C-AA0B-C6FCAC4E351E}"
EndProject
Project("{FAE04EC0-301F-11D3-BF4B-00C04F79EFBC}") = "PartyInvites", "PartyInvites\PartyInvites.csproj", "{52ACF3AD-7A33-4FEA-872F-E49B4303A419}"
EndProject
Project("{FAE04EC0-301F-11D3-BF4B-00C04F79EFBC}") = "WebTemplate", "WebTemplate\WebTemplate.csproj", "{311939DA-79E2-4824-945E-9A084F4A0C51}"
EndProject
Global
	GlobalSection(SolutionConfigurationPlatforms) = preSolution
		Debug|Any CPU = Debug|Any CPU
		Release|Any CPU = Release|Any CPU
	EndGlobalSection
	GlobalSection(SolutionProperties) = preSolution
		HideSolutionNode = FALSE
	EndGlobalSection
	GlobalSection(ProjectConfigurationPlatforms) = postSolution
		{C57455AB-D74D-4C1C-AA0B-C6FCAC4E351E}.Debug|Any CPU.ActiveCfg = Debug|Any CPU
		{C57455AB-D74D-4C1C-AA0B-C6FCAC4E351E}.Debug|Any CPU.Build.0 = Debug|Any CPU
		{C57455AB-D74D-4C1C-AA0B-C6FCAC4E351E}.Release|Any CPU.ActiveCfg = Release|Any CPU
		{C57455AB-D74D-4C1C-AA0B-C6FCAC4E351E}.Release|Any CPU.Build.0 = Release|Any CPU
		{52ACF3AD-7A33-4FEA-872F-E49B4303A419}.Debug|Any CPU.ActiveCfg = Debug|Any CPU
		{52ACF3AD-7A33-4FEA-872F-E49B4303A419}.Debug|Any CPU.Build.0 = Debug|Any CPU
		{52ACF3AD-7A33-4FEA-872F-E49B4303A419}.Release|Any CPU.ActiveCfg = Release|Any CPU
		{52ACF3AD-7A33-4FEA-872F-E49B4303A419}.Release|Any CPU.Build.0 = Release|Any CPU
		{311939DA-79E2-4824-945E-9A084F4A0C51}.Debug|Any CPU.ActiveCfg = Debug|Any CPU
		{311939DA-79E2-4824-945E-9A084F4A0C51}.Debug|Any CPU.Build.0 = Debug|Any CPU
		{311939DA-79E2-4824-945E-9A084F4A0C51}.Release|Any CPU.ActiveCfg = Release|Any CPU
		{311939DA-79E2-4824-945E-9A084F4A0C51}.Release|Any CPU.Build.0 = Release|Any CPU
	EndGlobalSection
EndGlobal
