
Microsoft Visual Studio Solution File, Format Version 12.00
Project("{FAE04EC0-301F-11D3-BF4B-00C04F79EFBC}") = "MatchGameBlazor", "MatchGameBlazor\MatchGameBlazor.csproj", "{62B54324-5063-4780-B66D-5BFFBC318B92}"
EndProject
Global
	GlobalSection(SolutionConfigurationPlatforms) = preSolution
		Debug|Any CPU = Debug|Any CPU
		Release|Any CPU = Release|Any CPU
	EndGlobalSection
	GlobalSection(ProjectConfigurationPlatforms) = postSolution
		{62B54324-5063-4780-B66D-5BFFBC318B92}.Debug|Any CPU.ActiveCfg = Debug|Any CPU
		{62B54324-5063-4780-B66D-5BFFBC318B92}.Debug|Any CPU.Build.0 = Debug|Any CPU
		{62B54324-5063-4780-B66D-5BFFBC318B92}.Release|Any CPU.ActiveCfg = Release|Any CPU
		{62B54324-5063-4780-B66D-5BFFBC318B92}.Release|Any CPU.Build.0 = Release|Any CPU
	EndGlobalSection
EndGlobal
