
Microsoft Visual Studio Solution File, Format Version 12.00
Project("{FAE04EC0-301F-11D3-BF4B-00C04F79EFBC}") = "PickSomeCardsBlazor", "PickSomeCardsBlazor\PickSomeCardsBlazor.csproj", "{D7BD6D4B-9ACF-493C-8193-AAE19CBC36FF}"
EndProject
Global
	GlobalSection(SolutionConfigurationPlatforms) = preSolution
		Debug|Any CPU = Debug|Any CPU
		Release|Any CPU = Release|Any CPU
	EndGlobalSection
	GlobalSection(ProjectConfigurationPlatforms) = postSolution
		{D7BD6D4B-9ACF-493C-8193-AAE19CBC36FF}.Debug|Any CPU.ActiveCfg = Debug|Any CPU
		{D7BD6D4B-9ACF-493C-8193-AAE19CBC36FF}.Debug|Any CPU.Build.0 = Debug|Any CPU
		{D7BD6D4B-9ACF-493C-8193-AAE19CBC36FF}.Release|Any CPU.ActiveCfg = Release|Any CPU
		{D7BD6D4B-9ACF-493C-8193-AAE19CBC36FF}.Release|Any CPU.Build.0 = Release|Any CPU
	EndGlobalSection
EndGlobal
