
Microsoft Visual Studio Solution File, Format Version 12.00
Project("{FAE04EC0-301F-11D3-BF4B-00C04F79EFBC}") = "RandomMenu", "RandomMenu\RandomMenu.csproj", "{CB581C6C-A771-4057-8A3B-C1C2880E9AB3}"
EndProject
Global
	GlobalSection(SolutionConfigurationPlatforms) = preSolution
		Debug|Any CPU = Debug|Any CPU
		Release|Any CPU = Release|Any CPU
	EndGlobalSection
	GlobalSection(ProjectConfigurationPlatforms) = postSolution
		{CB581C6C-A771-4057-8A3B-C1C2880E9AB3}.Debug|Any CPU.ActiveCfg = Debug|Any CPU
		{CB581C6C-A771-4057-8A3B-C1C2880E9AB3}.Debug|Any CPU.Build.0 = Debug|Any CPU
		{CB581C6C-A771-4057-8A3B-C1C2880E9AB3}.Release|Any CPU.ActiveCfg = Release|Any CPU
		{CB581C6C-A771-4057-8A3B-C1C2880E9AB3}.Release|Any CPU.Build.0 = Release|Any CPU
	EndGlobalSection
EndGlobal
