
Microsoft Visual Studio Solution File, Format Version 12.00
Project("{FAE04EC0-301F-11D3-BF4B-00C04F79EFBC}") = "TemperatureConverter", "TemperatureConverter\TemperatureConverter.csproj", "{6984B79C-3232-40C3-B16E-315E37D1FCE6}"
EndProject
Global
	GlobalSection(SolutionConfigurationPlatforms) = preSolution
		Debug|Any CPU = Debug|Any CPU
		Release|Any CPU = Release|Any CPU
	EndGlobalSection
	GlobalSection(ProjectConfigurationPlatforms) = postSolution
		{6984B79C-3232-40C3-B16E-315E37D1FCE6}.Debug|Any CPU.ActiveCfg = Debug|Any CPU
		{6984B79C-3232-40C3-B16E-315E37D1FCE6}.Debug|Any CPU.Build.0 = Debug|Any CPU
		{6984B79C-3232-40C3-B16E-315E37D1FCE6}.Release|Any CPU.ActiveCfg = Release|Any CPU
		{6984B79C-3232-40C3-B16E-315E37D1FCE6}.Release|Any CPU.Build.0 = Release|Any CPU
	EndGlobalSection
EndGlobal
