
Microsoft Visual Studio Solution File, Format Version 12.00
Project("{FAE04EC0-301F-11D3-BF4B-00C04F79EFBC}") = "Section015_HashSetExercises", "Section015_HashSetExercises\Section015_HashSetExercises.csproj", "{9BBA9D41-4512-43CB-8A8A-06459DCC4399}"
EndProject
Global
	GlobalSection(SolutionConfigurationPlatforms) = preSolution
		Debug|Any CPU = Debug|Any CPU
		Release|Any CPU = Release|Any CPU
	EndGlobalSection
	GlobalSection(ProjectConfigurationPlatforms) = postSolution
		{9BBA9D41-4512-43CB-8A8A-06459DCC4399}.Debug|Any CPU.ActiveCfg = Debug|Any CPU
		{9BBA9D41-4512-43CB-8A8A-06459DCC4399}.Debug|Any CPU.Build.0 = Debug|Any CPU
		{9BBA9D41-4512-43CB-8A8A-06459DCC4399}.Release|Any CPU.ActiveCfg = Release|Any CPU
		{9BBA9D41-4512-43CB-8A8A-06459DCC4399}.Release|Any CPU.Build.0 = Release|Any CPU
	EndGlobalSection
EndGlobal
