
Microsoft Visual Studio Solution File, Format Version 12.00
Project("{FAE04EC0-301F-11D3-BF4B-00C04F79EFBC}") = "HiLoGameConsole", "HiLoGameConsole\HiLoGameConsole.csproj", "{9F58AF06-1A44-459A-BE73-103A6A173CD9}"
EndProject
Global
	GlobalSection(SolutionConfigurationPlatforms) = preSolution
		Debug|Any CPU = Debug|Any CPU
		Release|Any CPU = Release|Any CPU
	EndGlobalSection
	GlobalSection(ProjectConfigurationPlatforms) = postSolution
		{9F58AF06-1A44-459A-BE73-103A6A173CD9}.Debug|Any CPU.ActiveCfg = Debug|Any CPU
		{9F58AF06-1A44-459A-BE73-103A6A173CD9}.Debug|Any CPU.Build.0 = Debug|Any CPU
		{9F58AF06-1A44-459A-BE73-103A6A173CD9}.Release|Any CPU.ActiveCfg = Release|Any CPU
		{9F58AF06-1A44-459A-BE73-103A6A173CD9}.Release|Any CPU.Build.0 = Release|Any CPU
	EndGlobalSection
EndGlobal
