
Microsoft Visual Studio Solution File, Format Version 12.00
Project("{FAE04EC0-301F-11D3-BF4B-00C04F79EFBC}") = "PickCardUI", "PickCardUI\PickCardUI.csproj", "{50C2A1BC-0FC0-4534-A41A-4BE944A42036}"
EndProject
Global
	GlobalSection(SolutionConfigurationPlatforms) = preSolution
		Debug|Any CPU = Debug|Any CPU
		Release|Any CPU = Release|Any CPU
	EndGlobalSection
	GlobalSection(ProjectConfigurationPlatforms) = postSolution
		{50C2A1BC-0FC0-4534-A41A-4BE944A42036}.Debug|Any CPU.ActiveCfg = Debug|Any CPU
		{50C2A1BC-0FC0-4534-A41A-4BE944A42036}.Debug|Any CPU.Build.0 = Debug|Any CPU
		{50C2A1BC-0FC0-4534-A41A-4BE944A42036}.Release|Any CPU.ActiveCfg = Release|Any CPU
		{50C2A1BC-0FC0-4534-A41A-4BE944A42036}.Release|Any CPU.Build.0 = Release|Any CPU
	EndGlobalSection
EndGlobal
