<Solution>
  <Project Path="BasicConsoleIO/BasicConsoleIO.csproj" />
  <Project Path="BasicDataTypes/BasicDataTypes.csproj" />
  <Project Path="FormatConsoleOutput/FormatConsoleOutput.csproj" />
  <Project Path="FormatNumericalData/FormatNumericalData.csproj" />
  <Project Path="SimpleCSharpApp/SimpleCSharpApp.csproj" />
  <Project Path="TypeConversions/TypeConversions.csproj" />
  <Project Path="WorkingWithStrings/WorkingWithStrings.csproj" />
</Solution>
