
Microsoft Visual Studio Solution File, Format Version 12.00
Project("{FAE04EC0-301F-11D3-BF4B-00C04F79EFBC}") = "Section014_InterfaceAndAbstractClass", "Section014_InterfaceAndAbstractClass\Section014_InterfaceAndAbstractClass.csproj", "{62313F49-D40C-4F86-88A7-4532381BBBAB}"
EndProject
Global
	GlobalSection(SolutionConfigurationPlatforms) = preSolution
		Debug|Any CPU = Debug|Any CPU
		Release|Any CPU = Release|Any CPU
	EndGlobalSection
	GlobalSection(ProjectConfigurationPlatforms) = postSolution
		{62313F49-D40C-4F86-88A7-4532381BBBAB}.Debug|Any CPU.ActiveCfg = Debug|Any CPU
		{62313F49-D40C-4F86-88A7-4532381BBBAB}.Debug|Any CPU.Build.0 = Debug|Any CPU
		{62313F49-D40C-4F86-88A7-4532381BBBAB}.Release|Any CPU.ActiveCfg = Release|Any CPU
		{62313F49-D40C-4F86-88A7-4532381BBBAB}.Release|Any CPU.Build.0 = Release|Any CPU
	EndGlobalSection
EndGlobal
